
Microsoft Visual Studio Solution File, Format Version 12.00
# Visual Studio Version 16
VisualStudioVersion = 16.0.28803.156
MinimumVisualStudioVersion = 10.0.40219.1
Project("{FAE04EC0-301F-11D3-BF4B-00C04F79EFBC}") = "Polo", "Polo\Polo.csproj", "{8260C765-9BE8-469B-A9E7-3827177DCC43}"
EndProject
Global
	GlobalSection(SolutionConfigurationPlatforms) = preSolution
		Debug|Any CPU = Debug|Any CPU
		Release|Any CPU = Release|Any CPU
	EndGlobalSection
	GlobalSection(ProjectConfigurationPlatforms) = postSolution
		{8260C765-9BE8-469B-A9E7-3827177DCC43}.Debug|Any CPU.ActiveCfg = Debug|Any CPU
		{8260C765-9BE8-469B-A9E7-3827177DCC43}.Debug|Any CPU.Build.0 = Debug|Any CPU
		{8260C765-9BE8-469B-A9E7-3827177DCC43}.Release|Any CPU.ActiveCfg = Release|Any CPU
		{8260C765-9BE8-469B-A9E7-3827177DCC43}.Release|Any CPU.Build.0 = Release|Any CPU
	EndGlobalSection
	GlobalSection(SolutionProperties) = preSolution
		HideSolutionNode = FALSE
	EndGlobalSection
	GlobalSection(ExtensibilityGlobals) = postSolution
		SolutionGuid = {D3F6D32E-229A-41A5-9F2E-9172C5D2769D}
	EndGlobalSection
EndGlobal
